
Microsoft Visual Studio Solution File, Format Version 12.00
# Visual Studio 2013
VisualStudioVersion = 12.0.21005.1
MinimumVisualStudioVersion = 10.0.40219.1
Project("{FAE04EC0-301F-11D3-BF4B-00C04F79EFBC}") = "Lyyneheym", "Lyyneheym\Lyyneheym.csproj", "{D513CF82-CCCE-4D15-8F34-D17663C26FA7}"
EndProject
Project("{FAE04EC0-301F-11D3-BF4B-00C04F79EFBC}") = "LyynePacker", "LyynePacker\LyynePacker.csproj", "{D32B9BA1-999E-46AC-90B2-3C929CBD06C4}"
EndProject
Project("{FAE04EC0-301F-11D3-BF4B-00C04F79EFBC}") = "SlimSlyvia", "SlimSlyvia\SlimSlyvia.csproj", "{48AE4058-1FA1-46D9-96E7-B7679F639984}"
EndProject
Project("{FAE04EC0-301F-11D3-BF4B-00C04F79EFBC}") = "SlyviaInterpreter", "SlyviaInterpreter\SlyviaInterpreter.csproj", "{6194A2AA-1C9D-40CD-8C8F-EA66F679CC0F}"
EndProject
Global
	GlobalSection(SolutionConfigurationPlatforms) = preSolution
		Debug|Any CPU = Debug|Any CPU
		Debug|Mixed Platforms = Debug|Mixed Platforms
		Debug|x86 = Debug|x86
		Release|Any CPU = Release|Any CPU
		Release|Mixed Platforms = Release|Mixed Platforms
		Release|x86 = Release|x86
	EndGlobalSection
	GlobalSection(ProjectConfigurationPlatforms) = postSolution
		{D513CF82-CCCE-4D15-8F34-D17663C26FA7}.Debug|Any CPU.ActiveCfg = Debug|Any CPU
		{D513CF82-CCCE-4D15-8F34-D17663C26FA7}.Debug|Any CPU.Build.0 = Debug|Any CPU
		{D513CF82-CCCE-4D15-8F34-D17663C26FA7}.Debug|Mixed Platforms.ActiveCfg = Debug|Any CPU
		{D513CF82-CCCE-4D15-8F34-D17663C26FA7}.Debug|Mixed Platforms.Build.0 = Debug|Any CPU
		{D513CF82-CCCE-4D15-8F34-D17663C26FA7}.Debug|x86.ActiveCfg = Debug|Any CPU
		{D513CF82-CCCE-4D15-8F34-D17663C26FA7}.Debug|x86.Build.0 = Debug|Any CPU
		{D513CF82-CCCE-4D15-8F34-D17663C26FA7}.Release|Any CPU.ActiveCfg = Release|Any CPU
		{D513CF82-CCCE-4D15-8F34-D17663C26FA7}.Release|Any CPU.Build.0 = Release|Any CPU
		{D513CF82-CCCE-4D15-8F34-D17663C26FA7}.Release|Mixed Platforms.ActiveCfg = Release|Any CPU
		{D513CF82-CCCE-4D15-8F34-D17663C26FA7}.Release|Mixed Platforms.Build.0 = Release|Any CPU
		{D513CF82-CCCE-4D15-8F34-D17663C26FA7}.Release|x86.ActiveCfg = Release|Any CPU
		{D32B9BA1-999E-46AC-90B2-3C929CBD06C4}.Debug|Any CPU.ActiveCfg = Debug|Any CPU
		{D32B9BA1-999E-46AC-90B2-3C929CBD06C4}.Debug|Any CPU.Build.0 = Debug|Any CPU
		{D32B9BA1-999E-46AC-90B2-3C929CBD06C4}.Debug|Mixed Platforms.ActiveCfg = Debug|Any CPU
		{D32B9BA1-999E-46AC-90B2-3C929CBD06C4}.Debug|Mixed Platforms.Build.0 = Debug|Any CPU
		{D32B9BA1-999E-46AC-90B2-3C929CBD06C4}.Debug|x86.ActiveCfg = Debug|Any CPU
		{D32B9BA1-999E-46AC-90B2-3C929CBD06C4}.Debug|x86.Build.0 = Debug|Any CPU
		{D32B9BA1-999E-46AC-90B2-3C929CBD06C4}.Release|Any CPU.ActiveCfg = Release|Any CPU
		{D32B9BA1-999E-46AC-90B2-3C929CBD06C4}.Release|Any CPU.Build.0 = Release|Any CPU
		{D32B9BA1-999E-46AC-90B2-3C929CBD06C4}.Release|Mixed Platforms.ActiveCfg = Release|Any CPU
		{D32B9BA1-999E-46AC-90B2-3C929CBD06C4}.Release|Mixed Platforms.Build.0 = Release|Any CPU
		{D32B9BA1-999E-46AC-90B2-3C929CBD06C4}.Release|x86.ActiveCfg = Release|Any CPU
		{48AE4058-1FA1-46D9-96E7-B7679F639984}.Debug|Any CPU.ActiveCfg = Debug|Any CPU
		{48AE4058-1FA1-46D9-96E7-B7679F639984}.Debug|Any CPU.Build.0 = Debug|Any CPU
		{48AE4058-1FA1-46D9-96E7-B7679F639984}.Debug|Mixed Platforms.ActiveCfg = Debug|x86
		{48AE4058-1FA1-46D9-96E7-B7679F639984}.Debug|Mixed Platforms.Build.0 = Debug|x86
		{48AE4058-1FA1-46D9-96E7-B7679F639984}.Debug|x86.ActiveCfg = Debug|Any CPU
		{48AE4058-1FA1-46D9-96E7-B7679F639984}.Debug|x86.Build.0 = Debug|Any CPU
		{48AE4058-1FA1-46D9-96E7-B7679F639984}.Release|Any CPU.ActiveCfg = Release|Any CPU
		{48AE4058-1FA1-46D9-96E7-B7679F639984}.Release|Any CPU.Build.0 = Release|Any CPU
		{48AE4058-1FA1-46D9-96E7-B7679F639984}.Release|Mixed Platforms.ActiveCfg = Release|x86
		{48AE4058-1FA1-46D9-96E7-B7679F639984}.Release|Mixed Platforms.Build.0 = Release|x86
		{48AE4058-1FA1-46D9-96E7-B7679F639984}.Release|x86.ActiveCfg = Release|x86
		{48AE4058-1FA1-46D9-96E7-B7679F639984}.Release|x86.Build.0 = Release|x86
		{6194A2AA-1C9D-40CD-8C8F-EA66F679CC0F}.Debug|Any CPU.ActiveCfg = Debug|Any CPU
		{6194A2AA-1C9D-40CD-8C8F-EA66F679CC0F}.Debug|Any CPU.Build.0 = Debug|Any CPU
		{6194A2AA-1C9D-40CD-8C8F-EA66F679CC0F}.Debug|Mixed Platforms.ActiveCfg = Debug|Any CPU
		{6194A2AA-1C9D-40CD-8C8F-EA66F679CC0F}.Debug|Mixed Platforms.Build.0 = Debug|Any CPU
		{6194A2AA-1C9D-40CD-8C8F-EA66F679CC0F}.Debug|x86.ActiveCfg = Debug|Any CPU
		{6194A2AA-1C9D-40CD-8C8F-EA66F679CC0F}.Release|Any CPU.ActiveCfg = Release|Any CPU
		{6194A2AA-1C9D-40CD-8C8F-EA66F679CC0F}.Release|Any CPU.Build.0 = Release|Any CPU
		{6194A2AA-1C9D-40CD-8C8F-EA66F679CC0F}.Release|Mixed Platforms.ActiveCfg = Release|Any CPU
		{6194A2AA-1C9D-40CD-8C8F-EA66F679CC0F}.Release|Mixed Platforms.Build.0 = Release|Any CPU
		{6194A2AA-1C9D-40CD-8C8F-EA66F679CC0F}.Release|x86.ActiveCfg = Release|Any CPU
	EndGlobalSection
	GlobalSection(SolutionProperties) = preSolution
		HideSolutionNode = FALSE
	EndGlobalSection
EndGlobal
