
Microsoft Visual Studio Solution File, Format Version 12.00
# Visual Studio 2013
VisualStudioVersion = 12.0.21005.1
MinimumVisualStudioVersion = 10.0.40219.1
Project("{FAE04EC0-301F-11D3-BF4B-00C04F79EFBC}") = "Lyyneheym", "Lyyneheym\Lyyneheym.csproj", "{D513CF82-CCCE-4D15-8F34-D17663C26FA7}"
EndProject
Project("{FAE04EC0-301F-11D3-BF4B-00C04F79EFBC}") = "LyynePacker", "LyynePacker\LyynePacker.csproj", "{D32B9BA1-999E-46AC-90B2-3C929CBD06C4}"
EndProject
Project("{FAE04EC0-301F-11D3-BF4B-00C04F79EFBC}") = "LyyneheymCore", "LyyneheymCore\LyyneheymCore.csproj", "{8332154C-D355-4333-918D-EC915BF69846}"
EndProject
Global
	GlobalSection(SolutionConfigurationPlatforms) = preSolution
		Debug|Any CPU = Debug|Any CPU
		Release|Any CPU = Release|Any CPU
	EndGlobalSection
	GlobalSection(ProjectConfigurationPlatforms) = postSolution
		{D513CF82-CCCE-4D15-8F34-D17663C26FA7}.Debug|Any CPU.ActiveCfg = Debug|Any CPU
		{D513CF82-CCCE-4D15-8F34-D17663C26FA7}.Debug|Any CPU.Build.0 = Debug|Any CPU
		{D513CF82-CCCE-4D15-8F34-D17663C26FA7}.Release|Any CPU.ActiveCfg = Release|Any CPU
		{D513CF82-CCCE-4D15-8F34-D17663C26FA7}.Release|Any CPU.Build.0 = Release|Any CPU
		{D32B9BA1-999E-46AC-90B2-3C929CBD06C4}.Debug|Any CPU.ActiveCfg = Debug|Any CPU
		{D32B9BA1-999E-46AC-90B2-3C929CBD06C4}.Debug|Any CPU.Build.0 = Debug|Any CPU
		{D32B9BA1-999E-46AC-90B2-3C929CBD06C4}.Release|Any CPU.ActiveCfg = Release|Any CPU
		{D32B9BA1-999E-46AC-90B2-3C929CBD06C4}.Release|Any CPU.Build.0 = Release|Any CPU
		{8332154C-D355-4333-918D-EC915BF69846}.Debug|Any CPU.ActiveCfg = Debug|Any CPU
		{8332154C-D355-4333-918D-EC915BF69846}.Debug|Any CPU.Build.0 = Debug|Any CPU
		{8332154C-D355-4333-918D-EC915BF69846}.Release|Any CPU.ActiveCfg = Release|Any CPU
		{8332154C-D355-4333-918D-EC915BF69846}.Release|Any CPU.Build.0 = Release|Any CPU
	EndGlobalSection
	GlobalSection(SolutionProperties) = preSolution
		HideSolutionNode = FALSE
	EndGlobalSection
EndGlobal
