
Microsoft Visual Studio Solution File, Format Version 12.00
# Visual Studio 15
VisualStudioVersion = 15.0.26403.0
MinimumVisualStudioVersion = 10.0.40219.1
Project("{FAE04EC0-301F-11D3-BF4B-00C04F79EFBC}") = "YuriPlatform", "Lyyneheym\YuriPlatform.csproj", "{D513CF82-CCCE-4D15-8F34-D17663C26FA7}"
EndProject
Project("{FAE04EC0-301F-11D3-BF4B-00C04F79EFBC}") = "YuriInterpreter", "SlyviaInterpreter\YuriInterpreter.csproj", "{6194A2AA-1C9D-40CD-8C8F-EA66F679CC0F}"
EndProject
Project("{FAE04EC0-301F-11D3-BF4B-00C04F79EFBC}") = "YuriHalation", "YuriHalation\YuriHalation.csproj", "{CB704EFC-BD27-4422-A61E-E7EBB9370577}"
EndProject
Project("{2150E333-8FDC-42A3-9474-1A3956D46DE8}") = "Solution Items", "Solution Items", "{7CC39F32-EE23-4D85-9D82-0827DB1A6D14}"
	ProjectSection(SolutionItems) = preProject
		Modeling\Model UML.vsdx = Modeling\Model UML.vsdx
	EndProjectSection
EndProject
Project("{FAE04EC0-301F-11D3-BF4B-00C04F79EFBC}") = "YuriLauncher", "YuriLauncher\YuriLauncher.csproj", "{455F67A2-BF20-40CE-AC4F-C0C294C2A979}"
EndProject
Project("{FAE04EC0-301F-11D3-BF4B-00C04F79EFBC}") = "Yuriri", "Yuriri\Yuriri.csproj", "{2CE410D4-7EB7-473E-ACC8-6EF39038188E}"
EndProject
Project("{2150E333-8FDC-42A3-9474-1A3956D46DE8}") = "Lilium", "Lilium", "{E5281EB2-D6AF-4C0C-8F00-EC744D7A870E}"
EndProject
Project("{FAE04EC0-301F-11D3-BF4B-00C04F79EFBC}") = "Hemerocallis", "Hemerocallis\Hemerocallis.csproj", "{2630778F-D267-4B92-8DD8-3C0737E256AB}"
EndProject
Project("{FAE04EC0-301F-11D3-BF4B-00C04F79EFBC}") = "YuriPacker", "LyynePacker\YuriPacker.csproj", "{D32B9BA1-999E-46AC-90B2-3C929CBD06C4}"
EndProject
Project("{FAE04EC0-301F-11D3-BF4B-00C04F79EFBC}") = "YuririCLI", "YuririCLI\YuririCLI.csproj", "{14C23B55-5D0D-4C8A-A6EA-8BC28A501E28}"
EndProject
Global
	GlobalSection(SolutionConfigurationPlatforms) = preSolution
		Debug|Any CPU = Debug|Any CPU
		Debug|Mixed Platforms = Debug|Mixed Platforms
		Debug|x86 = Debug|x86
		Release|Any CPU = Release|Any CPU
		Release|Mixed Platforms = Release|Mixed Platforms
		Release|x86 = Release|x86
	EndGlobalSection
	GlobalSection(ProjectConfigurationPlatforms) = postSolution
		{D513CF82-CCCE-4D15-8F34-D17663C26FA7}.Debug|Any CPU.ActiveCfg = Debug|Any CPU
		{D513CF82-CCCE-4D15-8F34-D17663C26FA7}.Debug|Any CPU.Build.0 = Debug|Any CPU
		{D513CF82-CCCE-4D15-8F34-D17663C26FA7}.Debug|Mixed Platforms.ActiveCfg = Debug|Any CPU
		{D513CF82-CCCE-4D15-8F34-D17663C26FA7}.Debug|Mixed Platforms.Build.0 = Debug|Any CPU
		{D513CF82-CCCE-4D15-8F34-D17663C26FA7}.Debug|x86.ActiveCfg = Debug|Any CPU
		{D513CF82-CCCE-4D15-8F34-D17663C26FA7}.Debug|x86.Build.0 = Debug|Any CPU
		{D513CF82-CCCE-4D15-8F34-D17663C26FA7}.Release|Any CPU.ActiveCfg = Release|Any CPU
		{D513CF82-CCCE-4D15-8F34-D17663C26FA7}.Release|Any CPU.Build.0 = Release|Any CPU
		{D513CF82-CCCE-4D15-8F34-D17663C26FA7}.Release|Mixed Platforms.ActiveCfg = Release|Any CPU
		{D513CF82-CCCE-4D15-8F34-D17663C26FA7}.Release|Mixed Platforms.Build.0 = Release|Any CPU
		{D513CF82-CCCE-4D15-8F34-D17663C26FA7}.Release|x86.ActiveCfg = Release|Any CPU
		{6194A2AA-1C9D-40CD-8C8F-EA66F679CC0F}.Debug|Any CPU.ActiveCfg = Debug|Any CPU
		{6194A2AA-1C9D-40CD-8C8F-EA66F679CC0F}.Debug|Any CPU.Build.0 = Debug|Any CPU
		{6194A2AA-1C9D-40CD-8C8F-EA66F679CC0F}.Debug|Mixed Platforms.ActiveCfg = Debug|Any CPU
		{6194A2AA-1C9D-40CD-8C8F-EA66F679CC0F}.Debug|Mixed Platforms.Build.0 = Debug|Any CPU
		{6194A2AA-1C9D-40CD-8C8F-EA66F679CC0F}.Debug|x86.ActiveCfg = Debug|Any CPU
		{6194A2AA-1C9D-40CD-8C8F-EA66F679CC0F}.Release|Any CPU.ActiveCfg = Release|Any CPU
		{6194A2AA-1C9D-40CD-8C8F-EA66F679CC0F}.Release|Any CPU.Build.0 = Release|Any CPU
		{6194A2AA-1C9D-40CD-8C8F-EA66F679CC0F}.Release|Mixed Platforms.ActiveCfg = Release|Any CPU
		{6194A2AA-1C9D-40CD-8C8F-EA66F679CC0F}.Release|Mixed Platforms.Build.0 = Release|Any CPU
		{6194A2AA-1C9D-40CD-8C8F-EA66F679CC0F}.Release|x86.ActiveCfg = Release|Any CPU
		{CB704EFC-BD27-4422-A61E-E7EBB9370577}.Debug|Any CPU.ActiveCfg = Debug|Any CPU
		{CB704EFC-BD27-4422-A61E-E7EBB9370577}.Debug|Any CPU.Build.0 = Debug|Any CPU
		{CB704EFC-BD27-4422-A61E-E7EBB9370577}.Debug|Mixed Platforms.ActiveCfg = Debug|Any CPU
		{CB704EFC-BD27-4422-A61E-E7EBB9370577}.Debug|Mixed Platforms.Build.0 = Debug|Any CPU
		{CB704EFC-BD27-4422-A61E-E7EBB9370577}.Debug|x86.ActiveCfg = Debug|Any CPU
		{CB704EFC-BD27-4422-A61E-E7EBB9370577}.Release|Any CPU.ActiveCfg = Release|Any CPU
		{CB704EFC-BD27-4422-A61E-E7EBB9370577}.Release|Any CPU.Build.0 = Release|Any CPU
		{CB704EFC-BD27-4422-A61E-E7EBB9370577}.Release|Mixed Platforms.ActiveCfg = Release|Any CPU
		{CB704EFC-BD27-4422-A61E-E7EBB9370577}.Release|Mixed Platforms.Build.0 = Release|Any CPU
		{CB704EFC-BD27-4422-A61E-E7EBB9370577}.Release|x86.ActiveCfg = Release|Any CPU
		{455F67A2-BF20-40CE-AC4F-C0C294C2A979}.Debug|Any CPU.ActiveCfg = Debug|Any CPU
		{455F67A2-BF20-40CE-AC4F-C0C294C2A979}.Debug|Any CPU.Build.0 = Debug|Any CPU
		{455F67A2-BF20-40CE-AC4F-C0C294C2A979}.Debug|Mixed Platforms.ActiveCfg = Debug|Any CPU
		{455F67A2-BF20-40CE-AC4F-C0C294C2A979}.Debug|Mixed Platforms.Build.0 = Debug|Any CPU
		{455F67A2-BF20-40CE-AC4F-C0C294C2A979}.Debug|x86.ActiveCfg = Debug|Any CPU
		{455F67A2-BF20-40CE-AC4F-C0C294C2A979}.Debug|x86.Build.0 = Debug|Any CPU
		{455F67A2-BF20-40CE-AC4F-C0C294C2A979}.Release|Any CPU.ActiveCfg = Release|Any CPU
		{455F67A2-BF20-40CE-AC4F-C0C294C2A979}.Release|Any CPU.Build.0 = Release|Any CPU
		{455F67A2-BF20-40CE-AC4F-C0C294C2A979}.Release|Mixed Platforms.ActiveCfg = Release|Any CPU
		{455F67A2-BF20-40CE-AC4F-C0C294C2A979}.Release|Mixed Platforms.Build.0 = Release|Any CPU
		{455F67A2-BF20-40CE-AC4F-C0C294C2A979}.Release|x86.ActiveCfg = Release|Any CPU
		{455F67A2-BF20-40CE-AC4F-C0C294C2A979}.Release|x86.Build.0 = Release|Any CPU
		{2CE410D4-7EB7-473E-ACC8-6EF39038188E}.Debug|Any CPU.ActiveCfg = Debug|Any CPU
		{2CE410D4-7EB7-473E-ACC8-6EF39038188E}.Debug|Any CPU.Build.0 = Debug|Any CPU
		{2CE410D4-7EB7-473E-ACC8-6EF39038188E}.Debug|Mixed Platforms.ActiveCfg = Debug|Any CPU
		{2CE410D4-7EB7-473E-ACC8-6EF39038188E}.Debug|Mixed Platforms.Build.0 = Debug|Any CPU
		{2CE410D4-7EB7-473E-ACC8-6EF39038188E}.Debug|x86.ActiveCfg = Debug|Any CPU
		{2CE410D4-7EB7-473E-ACC8-6EF39038188E}.Debug|x86.Build.0 = Debug|Any CPU
		{2CE410D4-7EB7-473E-ACC8-6EF39038188E}.Release|Any CPU.ActiveCfg = Release|Any CPU
		{2CE410D4-7EB7-473E-ACC8-6EF39038188E}.Release|Any CPU.Build.0 = Release|Any CPU
		{2CE410D4-7EB7-473E-ACC8-6EF39038188E}.Release|Mixed Platforms.ActiveCfg = Release|Any CPU
		{2CE410D4-7EB7-473E-ACC8-6EF39038188E}.Release|Mixed Platforms.Build.0 = Release|Any CPU
		{2CE410D4-7EB7-473E-ACC8-6EF39038188E}.Release|x86.ActiveCfg = Release|Any CPU
		{2CE410D4-7EB7-473E-ACC8-6EF39038188E}.Release|x86.Build.0 = Release|Any CPU
		{2630778F-D267-4B92-8DD8-3C0737E256AB}.Debug|Any CPU.ActiveCfg = Debug|Any CPU
		{2630778F-D267-4B92-8DD8-3C0737E256AB}.Debug|Any CPU.Build.0 = Debug|Any CPU
		{2630778F-D267-4B92-8DD8-3C0737E256AB}.Debug|Mixed Platforms.ActiveCfg = Debug|Any CPU
		{2630778F-D267-4B92-8DD8-3C0737E256AB}.Debug|Mixed Platforms.Build.0 = Debug|Any CPU
		{2630778F-D267-4B92-8DD8-3C0737E256AB}.Debug|x86.ActiveCfg = Debug|Any CPU
		{2630778F-D267-4B92-8DD8-3C0737E256AB}.Debug|x86.Build.0 = Debug|Any CPU
		{2630778F-D267-4B92-8DD8-3C0737E256AB}.Release|Any CPU.ActiveCfg = Release|Any CPU
		{2630778F-D267-4B92-8DD8-3C0737E256AB}.Release|Any CPU.Build.0 = Release|Any CPU
		{2630778F-D267-4B92-8DD8-3C0737E256AB}.Release|Mixed Platforms.ActiveCfg = Release|Any CPU
		{2630778F-D267-4B92-8DD8-3C0737E256AB}.Release|Mixed Platforms.Build.0 = Release|Any CPU
		{2630778F-D267-4B92-8DD8-3C0737E256AB}.Release|x86.ActiveCfg = Release|Any CPU
		{2630778F-D267-4B92-8DD8-3C0737E256AB}.Release|x86.Build.0 = Release|Any CPU
		{D32B9BA1-999E-46AC-90B2-3C929CBD06C4}.Debug|Any CPU.ActiveCfg = Debug|Any CPU
		{D32B9BA1-999E-46AC-90B2-3C929CBD06C4}.Debug|Any CPU.Build.0 = Debug|Any CPU
		{D32B9BA1-999E-46AC-90B2-3C929CBD06C4}.Debug|Mixed Platforms.ActiveCfg = Debug|Any CPU
		{D32B9BA1-999E-46AC-90B2-3C929CBD06C4}.Debug|Mixed Platforms.Build.0 = Debug|Any CPU
		{D32B9BA1-999E-46AC-90B2-3C929CBD06C4}.Debug|x86.ActiveCfg = Debug|Any CPU
		{D32B9BA1-999E-46AC-90B2-3C929CBD06C4}.Debug|x86.Build.0 = Debug|Any CPU
		{D32B9BA1-999E-46AC-90B2-3C929CBD06C4}.Release|Any CPU.ActiveCfg = Release|Any CPU
		{D32B9BA1-999E-46AC-90B2-3C929CBD06C4}.Release|Any CPU.Build.0 = Release|Any CPU
		{D32B9BA1-999E-46AC-90B2-3C929CBD06C4}.Release|Mixed Platforms.ActiveCfg = Release|Any CPU
		{D32B9BA1-999E-46AC-90B2-3C929CBD06C4}.Release|Mixed Platforms.Build.0 = Release|Any CPU
		{D32B9BA1-999E-46AC-90B2-3C929CBD06C4}.Release|x86.ActiveCfg = Release|Any CPU
		{D32B9BA1-999E-46AC-90B2-3C929CBD06C4}.Release|x86.Build.0 = Release|Any CPU
		{14C23B55-5D0D-4C8A-A6EA-8BC28A501E28}.Debug|Any CPU.ActiveCfg = Debug|Any CPU
		{14C23B55-5D0D-4C8A-A6EA-8BC28A501E28}.Debug|Any CPU.Build.0 = Debug|Any CPU
		{14C23B55-5D0D-4C8A-A6EA-8BC28A501E28}.Debug|Mixed Platforms.ActiveCfg = Debug|Any CPU
		{14C23B55-5D0D-4C8A-A6EA-8BC28A501E28}.Debug|Mixed Platforms.Build.0 = Debug|Any CPU
		{14C23B55-5D0D-4C8A-A6EA-8BC28A501E28}.Debug|x86.ActiveCfg = Debug|Any CPU
		{14C23B55-5D0D-4C8A-A6EA-8BC28A501E28}.Debug|x86.Build.0 = Debug|Any CPU
		{14C23B55-5D0D-4C8A-A6EA-8BC28A501E28}.Release|Any CPU.ActiveCfg = Release|Any CPU
		{14C23B55-5D0D-4C8A-A6EA-8BC28A501E28}.Release|Any CPU.Build.0 = Release|Any CPU
		{14C23B55-5D0D-4C8A-A6EA-8BC28A501E28}.Release|Mixed Platforms.ActiveCfg = Release|Any CPU
		{14C23B55-5D0D-4C8A-A6EA-8BC28A501E28}.Release|Mixed Platforms.Build.0 = Release|Any CPU
		{14C23B55-5D0D-4C8A-A6EA-8BC28A501E28}.Release|x86.ActiveCfg = Release|Any CPU
		{14C23B55-5D0D-4C8A-A6EA-8BC28A501E28}.Release|x86.Build.0 = Release|Any CPU
	EndGlobalSection
	GlobalSection(SolutionProperties) = preSolution
		HideSolutionNode = FALSE
	EndGlobalSection
	GlobalSection(NestedProjects) = preSolution
		{455F67A2-BF20-40CE-AC4F-C0C294C2A979} = {E5281EB2-D6AF-4C0C-8F00-EC744D7A870E}
		{2630778F-D267-4B92-8DD8-3C0737E256AB} = {E5281EB2-D6AF-4C0C-8F00-EC744D7A870E}
		{D32B9BA1-999E-46AC-90B2-3C929CBD06C4} = {E5281EB2-D6AF-4C0C-8F00-EC744D7A870E}
		{14C23B55-5D0D-4C8A-A6EA-8BC28A501E28} = {E5281EB2-D6AF-4C0C-8F00-EC744D7A870E}
	EndGlobalSection
EndGlobal
